// !$*UTF8*$!
{
	archiveVersion = 1;
	classes = {
	};
	objectVersion = 48;
	objects = {

/* Begin PBXBuildFile section */
		932A03FA1FA47D9A00E552C3 /* example5dng.c in Sources */ = {isa = PBXBuildFile; fileRef = 932A03F91FA47D9A00E552C3 /* example5dng.c */; };
		932A03FF1FA57E0F00E552C3 /* example4dng.c in Sources */ = {isa = PBXBuildFile; fileRef = 932A03FE1FA57E0F00E552C3 /* example4dng.c */; };
		9397BC091FA0E219002AA4AE /* mainOld.c in Sources */ = {isa = PBXBuildFile; fileRef = 9397BC081FA0E219002AA4AE /* mainOld.c */; };
		9397BC301FA0E282002AA4AE /* example1.c in Sources */ = {isa = PBXBuildFile; fileRef = 9397BC231FA0E281002AA4AE /* example1.c */; };
		9397BC311FA0E282002AA4AE /* main.c in Sources */ = {isa = PBXBuildFile; fileRef = 9397BC291FA0E281002AA4AE /* main.c */; };
		9397BC321FA0E282002AA4AE /* example3.c in Sources */ = {isa = PBXBuildFile; fileRef = 9397BC2A1FA0E281002AA4AE /* example3.c */; };
		9397BC341FA0E282002AA4AE /* genann.c in Sources */ = {isa = PBXBuildFile; fileRef = 9397BC2C1FA0E282002AA4AE /* genann.c */; };
		9397BC351FA0E282002AA4AE /* example2.c in Sources */ = {isa = PBXBuildFile; fileRef = 9397BC2D1FA0E282002AA4AE /* example2.c */; };
/* End PBXBuildFile section */

/* Begin PBXCopyFilesBuildPhase section */
		9397BC031FA0E219002AA4AE /* CopyFiles */ = {
			isa = PBXCopyFilesBuildPhase;
			buildActionMask = 2147483647;
			dstPath = /usr/share/man/man1/;
			dstSubfolderSpec = 0;
			files = (
			);
			runOnlyForDeploymentPostprocessing = 1;
		};
/* End PBXCopyFilesBuildPhase section */

/* Begin PBXFileReference section */
		932A03F91FA47D9A00E552C3 /* example5dng.c */ = {isa = PBXFileReference; fileEncoding = 4; lastKnownFileType = sourcecode.c.c; path = example5dng.c; sourceTree = "<group>"; };
		932A03FB1FA47DB200E552C3 /* example5dng.h */ = {isa = PBXFileReference; fileEncoding = 4; lastKnownFileType = sourcecode.c.h; path = example5dng.h; sourceTree = "<group>"; };
		932A03FE1FA57E0F00E552C3 /* example4dng.c */ = {isa = PBXFileReference; fileEncoding = 4; lastKnownFileType = sourcecode.c.c; path = example4dng.c; sourceTree = "<group>"; };
		932A04001FA57E1F00E552C3 /* example4dng.h */ = {isa = PBXFileReference; fileEncoding = 4; lastKnownFileType = sourcecode.c.h; path = example4dng.h; sourceTree = "<group>"; };
		9397BC051FA0E219002AA4AE /* genann */ = {isa = PBXFileReference; explicitFileType = "compiled.mach-o.executable"; includeInIndex = 0; path = genann; sourceTree = BUILT_PRODUCTS_DIR; };
		9397BC081FA0E219002AA4AE /* mainOld.c */ = {isa = PBXFileReference; lastKnownFileType = sourcecode.c.c; path = mainOld.c; sourceTree = "<group>"; };
		9397BC231FA0E281002AA4AE /* example1.c */ = {isa = PBXFileReference; fileEncoding = 4; lastKnownFileType = sourcecode.c.c; path = example1.c; sourceTree = "<group>"; };
		9397BC241FA0E281002AA4AE /* doc */ = {isa = PBXFileReference; lastKnownFileType = folder; path = doc; sourceTree = "<group>"; };
		9397BC251FA0E281002AA4AE /* LICENSE */ = {isa = PBXFileReference; fileEncoding = 4; lastKnownFileType = text; path = LICENSE; sourceTree = "<group>"; };
		9397BC261FA0E281002AA4AE /* README.md */ = {isa = PBXFileReference; fileEncoding = 4; lastKnownFileType = net.daringfireball.markdown; path = README.md; sourceTree = "<group>"; };
		9397BC271FA0E281002AA4AE /* example */ = {isa = PBXFileReference; lastKnownFileType = folder; path = example; sourceTree = "<group>"; };
		9397BC281FA0E281002AA4AE /* genann.h */ = {isa = PBXFileReference; fileEncoding = 4; lastKnownFileType = sourcecode.c.h; path = genann.h; sourceTree = "<group>"; };
		9397BC291FA0E281002AA4AE /* main.c */ = {isa = PBXFileReference; fileEncoding = 4; lastKnownFileType = sourcecode.c.c; path = main.c; sourceTree = "<group>"; };
		9397BC2A1FA0E281002AA4AE /* example3.c */ = {isa = PBXFileReference; fileEncoding = 4; lastKnownFileType = sourcecode.c.c; path = example3.c; sourceTree = "<group>"; };
		9397BC2C1FA0E282002AA4AE /* genann.c */ = {isa = PBXFileReference; fileEncoding = 4; lastKnownFileType = sourcecode.c.c; path = genann.c; sourceTree = "<group>"; };
		9397BC2D1FA0E282002AA4AE /* example2.c */ = {isa = PBXFileReference; fileEncoding = 4; lastKnownFileType = sourcecode.c.c; path = example2.c; sourceTree = "<group>"; };
		9397BC2F1FA0E282002AA4AE /* minctest.h */ = {isa = PBXFileReference; fileEncoding = 4; lastKnownFileType = sourcecode.c.h; path = minctest.h; sourceTree = "<group>"; };
		9397BC551FA0ECB9002AA4AE /* example2.h */ = {isa = PBXFileReference; lastKnownFileType = sourcecode.c.h; path = example2.h; sourceTree = "<group>"; };
		9397BC561FA0ECFD002AA4AE /* example3.h */ = {isa = PBXFileReference; lastKnownFileType = sourcecode.c.h; path = example3.h; sourceTree = "<group>"; };
		9397BC571FA0ED2E002AA4AE /* example4.h */ = {isa = PBXFileReference; lastKnownFileType = sourcecode.c.h; path = example4.h; sourceTree = "<group>"; };
		9397BC581FA0F06F002AA4AE /* example1.h */ = {isa = PBXFileReference; lastKnownFileType = sourcecode.c.h; path = example1.h; sourceTree = "<group>"; };
		9397BC591FA0F0A0002AA4AE /* iris.data */ = {isa = PBXFileReference; lastKnownFileType = text; path = iris.data; sourceTree = "<group>"; };
		9397BC5A1FA0F0A0002AA4AE /* iris.names */ = {isa = PBXFileReference; lastKnownFileType = text; path = iris.names; sourceTree = "<group>"; };
		9397BC5C1FA0F0C2002AA4AE /* xor.ann */ = {isa = PBXFileReference; lastKnownFileType = text; path = xor.ann; sourceTree = "<group>"; };
/* End PBXFileReference section */

/* Begin PBXFrameworksBuildPhase section */
		9397BC021FA0E219002AA4AE /* Frameworks */ = {
			isa = PBXFrameworksBuildPhase;
			buildActionMask = 2147483647;
			files = (
			);
			runOnlyForDeploymentPostprocessing = 0;
		};
/* End PBXFrameworksBuildPhase section */

/* Begin PBXGroup section */
		9397BBFC1FA0E219002AA4AE = {
			isa = PBXGroup;
			children = (
				9397BC071FA0E219002AA4AE /* genann */,
				9397BC061FA0E219002AA4AE /* Products */,
			);
			sourceTree = "<group>";
		};
		9397BC061FA0E219002AA4AE /* Products */ = {
			isa = PBXGroup;
			children = (
				9397BC051FA0E219002AA4AE /* genann */,
			);
			name = Products;
			sourceTree = "<group>";
		};
		9397BC071FA0E219002AA4AE /* genann */ = {
			isa = PBXGroup;
			children = (
				9397BC241FA0E281002AA4AE /* doc */,
				9397BC271FA0E281002AA4AE /* example */,
				9397BC291FA0E281002AA4AE /* main.c */,
				9397BC5C1FA0F0C2002AA4AE /* xor.ann */,
				9397BC591FA0F0A0002AA4AE /* iris.data */,
				9397BC5A1FA0F0A0002AA4AE /* iris.names */,
				9397BC231FA0E281002AA4AE /* example1.c */,
				932A03F91FA47D9A00E552C3 /* example5dng.c */,
				9397BC581FA0F06F002AA4AE /* example1.h */,
				932A03FB1FA47DB200E552C3 /* example5dng.h */,
				9397BC2D1FA0E282002AA4AE /* example2.c */,
				9397BC551FA0ECB9002AA4AE /* example2.h */,
				9397BC2A1FA0E281002AA4AE /* example3.c */,
				9397BC561FA0ECFD002AA4AE /* example3.h */,
				932A03FE1FA57E0F00E552C3 /* example4dng.c */,
				9397BC571FA0ED2E002AA4AE /* example4.h */,
				932A04001FA57E1F00E552C3 /* example4dng.h */,
				9397BC2C1FA0E282002AA4AE /* genann.c */,
				9397BC281FA0E281002AA4AE /* genann.h */,
				9397BC251FA0E281002AA4AE /* LICENSE */,
				9397BC2F1FA0E282002AA4AE /* minctest.h */,
				9397BC261FA0E281002AA4AE /* README.md */,
				9397BC081FA0E219002AA4AE /* mainOld.c */,
			);
			path = genann;
			sourceTree = "<group>";
		};
/* End PBXGroup section */

/* Begin PBXNativeTarget section */
		9397BC041FA0E219002AA4AE /* genann */ = {
			isa = PBXNativeTarget;
			buildConfigurationList = 9397BC0C1FA0E219002AA4AE /* Build configuration list for PBXNativeTarget "genann" */;
			buildPhases = (
				9397BC011FA0E219002AA4AE /* Sources */,
				9397BC021FA0E219002AA4AE /* Frameworks */,
				9397BC031FA0E219002AA4AE /* CopyFiles */,
			);
			buildRules = (
			);
			dependencies = (
			);
			name = genann;
			productName = genann;
			productReference = 9397BC051FA0E219002AA4AE /* genann */;
			productType = "com.apple.product-type.tool";
		};
/* End PBXNativeTarget section */

/* Begin PBXProject section */
		9397BBFD1FA0E219002AA4AE /* Project object */ = {
			isa = PBXProject;
			attributes = {
				LastUpgradeCheck = 0900;
				ORGANIZATIONNAME = blue5;
				TargetAttributes = {
					9397BC041FA0E219002AA4AE = {
						CreatedOnToolsVersion = 9.0.1;
						ProvisioningStyle = Automatic;
					};
				};
			};
			buildConfigurationList = 9397BC001FA0E219002AA4AE /* Build configuration list for PBXProject "genann" */;
			compatibilityVersion = "Xcode 8.0";
			developmentRegion = en;
			hasScannedForEncodings = 0;
			knownRegions = (
				en,
			);
			mainGroup = 9397BBFC1FA0E219002AA4AE;
			productRefGroup = 9397BC061FA0E219002AA4AE /* Products */;
			projectDirPath = "";
			projectRoot = "";
			targets = (
				9397BC041FA0E219002AA4AE /* genann */,
			);
		};
/* End PBXProject section */

/* Begin PBXSourcesBuildPhase section */
		9397BC011FA0E219002AA4AE /* Sources */ = {
			isa = PBXSourcesBuildPhase;
			buildActionMask = 2147483647;
			files = (
				932A03FA1FA47D9A00E552C3 /* example5dng.c in Sources */,
				9397BC311FA0E282002AA4AE /* main.c in Sources */,
				932A03FF1FA57E0F00E552C3 /* example4dng.c in Sources */,
				9397BC341FA0E282002AA4AE /* genann.c in Sources */,
				9397BC351FA0E282002AA4AE /* example2.c in Sources */,
				9397BC301FA0E282002AA4AE /* example1.c in Sources */,
				9397BC321FA0E282002AA4AE /* example3.c in Sources */,
				9397BC091FA0E219002AA4AE /* mainOld.c in Sources */,
			);
			runOnlyForDeploymentPostprocessing = 0;
		};
/* End PBXSourcesBuildPhase section */

/* Begin XCBuildConfiguration section */
		9397BC0A1FA0E219002AA4AE /* Debug */ = {
			isa = XCBuildConfiguration;
			buildSettings = {
				ALWAYS_SEARCH_USER_PATHS = NO;
				CLANG_ANALYZER_NONNULL = YES;
				CLANG_ANALYZER_NUMBER_OBJECT_CONVERSION = YES_AGGRESSIVE;
				CLANG_CXX_LANGUAGE_STANDARD = "gnu++14";
				CLANG_CXX_LIBRARY = "libc++";
				CLANG_ENABLE_MODULES = YES;
				CLANG_ENABLE_OBJC_ARC = YES;
				CLANG_WARN_BLOCK_CAPTURE_AUTORELEASING = YES;
				CLANG_WARN_BOOL_CONVERSION = YES;
				CLANG_WARN_COMMA = YES;
				CLANG_WARN_CONSTANT_CONVERSION = YES;
				CLANG_WARN_DIRECT_OBJC_ISA_USAGE = YES_ERROR;
				CLANG_WARN_DOCUMENTATION_COMMENTS = YES;
				CLANG_WARN_EMPTY_BODY = YES;
				CLANG_WARN_ENUM_CONVERSION = YES;
				CLANG_WARN_INFINITE_RECURSION = YES;
				CLANG_WARN_INT_CONVERSION = YES;
				CLANG_WARN_NON_LITERAL_NULL_CONVERSION = YES;
				CLANG_WARN_OBJC_LITERAL_CONVERSION = YES;
				CLANG_WARN_OBJC_ROOT_CLASS = YES_ERROR;
				CLANG_WARN_RANGE_LOOP_ANALYSIS = YES;
				CLANG_WARN_STRICT_PROTOTYPES = YES;
				CLANG_WARN_SUSPICIOUS_MOVE = YES;
				CLANG_WARN_UNGUARDED_AVAILABILITY = YES_AGGRESSIVE;
				CLANG_WARN_UNREACHABLE_CODE = YES;
				CLANG_WARN__DUPLICATE_METHOD_MATCH = YES;
				CODE_SIGN_IDENTITY = "Mac Developer";
				COPY_PHASE_STRIP = NO;
				DEBUG_INFORMATION_FORMAT = dwarf;
				ENABLE_STRICT_OBJC_MSGSEND = YES;
				ENABLE_TESTABILITY = YES;
				GCC_C_LANGUAGE_STANDARD = gnu11;
				GCC_DYNAMIC_NO_PIC = NO;
				GCC_NO_COMMON_BLOCKS = YES;
				GCC_OPTIMIZATION_LEVEL = 0;
				GCC_PREPROCESSOR_DEFINITIONS = (
					"DEBUG=1",
					"$(inherited)",
				);
				GCC_WARN_64_TO_32_BIT_CONVERSION = YES;
				GCC_WARN_ABOUT_RETURN_TYPE = YES_ERROR;
				GCC_WARN_UNDECLARED_SELECTOR = YES;
				GCC_WARN_UNINITIALIZED_AUTOS = YES_AGGRESSIVE;
				GCC_WARN_UNUSED_FUNCTION = YES;
				GCC_WARN_UNUSED_VARIABLE = YES;
				MACOSX_DEPLOYMENT_TARGET = 10.12;
				MTL_ENABLE_DEBUG_INFO = YES;
				ONLY_ACTIVE_ARCH = YES;
				SDKROOT = macosx;
			};
			name = Debug;
		};
		9397BC0B1FA0E219002AA4AE /* Release */ = {
			isa = XCBuildConfiguration;
			buildSettings = {
				ALWAYS_SEARCH_USER_PATHS = NO;
				CLANG_ANALYZER_NONNULL = YES;
				CLANG_ANALYZER_NUMBER_OBJECT_CONVERSION = YES_AGGRESSIVE;
				CLANG_CXX_LANGUAGE_STANDARD = "gnu++14";
				CLANG_CXX_LIBRARY = "libc++";
				CLANG_ENABLE_MODULES = YES;
				CLANG_ENABLE_OBJC_ARC = YES;
				CLANG_WARN_BLOCK_CAPTURE_AUTORELEASING = YES;
				CLANG_WARN_BOOL_CONVERSION = YES;
				CLANG_WARN_COMMA = YES;
				CLANG_WARN_CONSTANT_CONVERSION = YES;
				CLANG_WARN_DIRECT_OBJC_ISA_USAGE = YES_ERROR;
				CLANG_WARN_DOCUMENTATION_COMMENTS = YES;
				CLANG_WARN_EMPTY_BODY = YES;
				CLANG_WARN_ENUM_CONVERSION = YES;
				CLANG_WARN_INFINITE_RECURSION = YES;
				CLANG_WARN_INT_CONVERSION = YES;
				CLANG_WARN_NON_LITERAL_NULL_CONVERSION = YES;
				CLANG_WARN_OBJC_LITERAL_CONVERSION = YES;
				CLANG_WARN_OBJC_ROOT_CLASS = YES_ERROR;
				CLANG_WARN_RANGE_LOOP_ANALYSIS = YES;
				CLANG_WARN_STRICT_PROTOTYPES = YES;
				CLANG_WARN_SUSPICIOUS_MOVE = YES;
				CLANG_WARN_UNGUARDED_AVAILABILITY = YES_AGGRESSIVE;
				CLANG_WARN_UNREACHABLE_CODE = YES;
				CLANG_WARN__DUPLICATE_METHOD_MATCH = YES;
				CODE_SIGN_IDENTITY = "Mac Developer";
				COPY_PHASE_STRIP = NO;
				DEBUG_INFORMATION_FORMAT = "dwarf-with-dsym";
				ENABLE_NS_ASSERTIONS = NO;
				ENABLE_STRICT_OBJC_MSGSEND = YES;
				GCC_C_LANGUAGE_STANDARD = gnu11;
				GCC_NO_COMMON_BLOCKS = YES;
				GCC_WARN_64_TO_32_BIT_CONVERSION = YES;
				GCC_WARN_ABOUT_RETURN_TYPE = YES_ERROR;
				GCC_WARN_UNDECLARED_SELECTOR = YES;
				GCC_WARN_UNINITIALIZED_AUTOS = YES_AGGRESSIVE;
				GCC_WARN_UNUSED_FUNCTION = YES;
				GCC_WARN_UNUSED_VARIABLE = YES;
				MACOSX_DEPLOYMENT_TARGET = 10.12;
				MTL_ENABLE_DEBUG_INFO = NO;
				SDKROOT = macosx;
			};
			name = Release;
		};
		9397BC0D1FA0E219002AA4AE /* Debug */ = {
			isa = XCBuildConfiguration;
			buildSettings = {
				CODE_SIGN_STYLE = Automatic;
				DEVELOPMENT_TEAM = 546F74TH4Y;
				PRODUCT_NAME = "$(TARGET_NAME)";
			};
			name = Debug;
		};
		9397BC0E1FA0E219002AA4AE /* Release */ = {
			isa = XCBuildConfiguration;
			buildSettings = {
				CODE_SIGN_STYLE = Automatic;
				DEVELOPMENT_TEAM = 546F74TH4Y;
				PRODUCT_NAME = "$(TARGET_NAME)";
			};
			name = Release;
		};
/* End XCBuildConfiguration section */

/* Begin XCConfigurationList section */
		9397BC001FA0E219002AA4AE /* Build configuration list for PBXProject "genann" */ = {
			isa = XCConfigurationList;
			buildConfigurations = (
				9397BC0A1FA0E219002AA4AE /* Debug */,
				9397BC0B1FA0E219002AA4AE /* Release */,
			);
			defaultConfigurationIsVisible = 0;
			defaultConfigurationName = Release;
		};
		9397BC0C1FA0E219002AA4AE /* Build configuration list for PBXNativeTarget "genann" */ = {
			isa = XCConfigurationList;
			buildConfigurations = (
				9397BC0D1FA0E219002AA4AE /* Debug */,
				9397BC0E1FA0E219002AA4AE /* Release */,
			);
			defaultConfigurationIsVisible = 0;
			defaultConfigurationName = Release;
		};
/* End XCConfigurationList section */
	};
	rootObject = 9397BBFD1FA0E219002AA4AE /* Project object */;
}
